
Microsoft Visual Studio Solution File, Format Version 12.00
# Visual Studio 15
VisualStudioVersion = 15.0.26228.9
MinimumVisualStudioVersion = 10.0.40219.1
Project("{9A19103F-16F7-4668-BE54-9A1E7A4F7556}") = "Dogey", "src\Dogey\Dogey.csproj", "{49FF2687-974E-4ACE-A14C-35B2563F1428}"
EndProject
Project("{FAE04EC0-301F-11D3-BF4B-00C04F79EFBC}") = "Dogey.Core", "src\Dogey.Core\Dogey.Core.csproj", "{DA51E047-98DC-4602-AECA-00E8F6BCC9AA}"
EndProject
Project("{2150E333-8FDC-42A3-9474-1A3956D46DE8}") = "providers", "providers", "{1EBA10A4-2533-45C7-B3CD-B476CB634F9B}"
EndProject
Project("{FAE04EC0-301F-11D3-BF4B-00C04F79EFBC}") = "Dogey.SQLite", "src\Dogey.SQLite\Dogey.SQLite.csproj", "{37D33B7F-542A-40BC-863F-0A33C8281F18}"
EndProject
Project("{FAE04EC0-301F-11D3-BF4B-00C04F79EFBC}") = "Dogey.MySQL", "src\Dogey.MySQL\Dogey.MySQL.csproj", "{2A66BBA8-BF0D-4580-B452-2DD1D5E8F07D}"
EndProject
Project("{FAE04EC0-301F-11D3-BF4B-00C04F79EFBC}") = "Dogey.Redis", "src\Dogey.Redis\Dogey.Redis.csproj", "{431E28E2-832E-407E-AB8E-BB3DE6EA78BE}"
EndProject
Project("{2150E333-8FDC-42A3-9474-1A3956D46DE8}") = "addons", "addons", "{F1F0AF40-0C1D-430B-88E7-F3C2FEF836E8}"
EndProject
Project("{FAE04EC0-301F-11D3-BF4B-00C04F79EFBC}") = "Discord.Addons.OwnerTools", "src\Discord.Addons.OwnerTools\Discord.Addons.OwnerTools.csproj", "{399E3DD3-8CD9-4479-8A47-BAEE329A3354}"
EndProject
Global
	GlobalSection(SolutionConfigurationPlatforms) = preSolution
		Debug|Any CPU = Debug|Any CPU
		Debug|x64 = Debug|x64
		Debug|x86 = Debug|x86
		Release|Any CPU = Release|Any CPU
		Release|x64 = Release|x64
		Release|x86 = Release|x86
	EndGlobalSection
	GlobalSection(ProjectConfigurationPlatforms) = postSolution
		{49FF2687-974E-4ACE-A14C-35B2563F1428}.Debug|Any CPU.ActiveCfg = Debug|Any CPU
		{49FF2687-974E-4ACE-A14C-35B2563F1428}.Debug|Any CPU.Build.0 = Debug|Any CPU
		{49FF2687-974E-4ACE-A14C-35B2563F1428}.Debug|x64.ActiveCfg = Debug|Any CPU
		{49FF2687-974E-4ACE-A14C-35B2563F1428}.Debug|x64.Build.0 = Debug|Any CPU
		{49FF2687-974E-4ACE-A14C-35B2563F1428}.Debug|x86.ActiveCfg = Debug|Any CPU
		{49FF2687-974E-4ACE-A14C-35B2563F1428}.Debug|x86.Build.0 = Debug|Any CPU
		{49FF2687-974E-4ACE-A14C-35B2563F1428}.Release|Any CPU.ActiveCfg = Release|Any CPU
		{49FF2687-974E-4ACE-A14C-35B2563F1428}.Release|Any CPU.Build.0 = Release|Any CPU
		{49FF2687-974E-4ACE-A14C-35B2563F1428}.Release|x64.ActiveCfg = Release|Any CPU
		{49FF2687-974E-4ACE-A14C-35B2563F1428}.Release|x64.Build.0 = Release|Any CPU
		{49FF2687-974E-4ACE-A14C-35B2563F1428}.Release|x86.ActiveCfg = Release|Any CPU
		{49FF2687-974E-4ACE-A14C-35B2563F1428}.Release|x86.Build.0 = Release|Any CPU
		{DA51E047-98DC-4602-AECA-00E8F6BCC9AA}.Debug|Any CPU.ActiveCfg = Debug|Any CPU
		{DA51E047-98DC-4602-AECA-00E8F6BCC9AA}.Debug|Any CPU.Build.0 = Debug|Any CPU
		{DA51E047-98DC-4602-AECA-00E8F6BCC9AA}.Debug|x64.ActiveCfg = Debug|Any CPU
		{DA51E047-98DC-4602-AECA-00E8F6BCC9AA}.Debug|x64.Build.0 = Debug|Any CPU
		{DA51E047-98DC-4602-AECA-00E8F6BCC9AA}.Debug|x86.ActiveCfg = Debug|Any CPU
		{DA51E047-98DC-4602-AECA-00E8F6BCC9AA}.Debug|x86.Build.0 = Debug|Any CPU
		{DA51E047-98DC-4602-AECA-00E8F6BCC9AA}.Release|Any CPU.ActiveCfg = Release|Any CPU
		{DA51E047-98DC-4602-AECA-00E8F6BCC9AA}.Release|Any CPU.Build.0 = Release|Any CPU
		{DA51E047-98DC-4602-AECA-00E8F6BCC9AA}.Release|x64.ActiveCfg = Release|Any CPU
		{DA51E047-98DC-4602-AECA-00E8F6BCC9AA}.Release|x64.Build.0 = Release|Any CPU
		{DA51E047-98DC-4602-AECA-00E8F6BCC9AA}.Release|x86.ActiveCfg = Release|Any CPU
		{DA51E047-98DC-4602-AECA-00E8F6BCC9AA}.Release|x86.Build.0 = Release|Any CPU
		{37D33B7F-542A-40BC-863F-0A33C8281F18}.Debug|Any CPU.ActiveCfg = Debug|Any CPU
		{37D33B7F-542A-40BC-863F-0A33C8281F18}.Debug|Any CPU.Build.0 = Debug|Any CPU
		{37D33B7F-542A-40BC-863F-0A33C8281F18}.Debug|x64.ActiveCfg = Debug|Any CPU
		{37D33B7F-542A-40BC-863F-0A33C8281F18}.Debug|x64.Build.0 = Debug|Any CPU
		{37D33B7F-542A-40BC-863F-0A33C8281F18}.Debug|x86.ActiveCfg = Debug|Any CPU
		{37D33B7F-542A-40BC-863F-0A33C8281F18}.Debug|x86.Build.0 = Debug|Any CPU
		{37D33B7F-542A-40BC-863F-0A33C8281F18}.Release|Any CPU.ActiveCfg = Release|Any CPU
		{37D33B7F-542A-40BC-863F-0A33C8281F18}.Release|Any CPU.Build.0 = Release|Any CPU
		{37D33B7F-542A-40BC-863F-0A33C8281F18}.Release|x64.ActiveCfg = Release|Any CPU
		{37D33B7F-542A-40BC-863F-0A33C8281F18}.Release|x64.Build.0 = Release|Any CPU
		{37D33B7F-542A-40BC-863F-0A33C8281F18}.Release|x86.ActiveCfg = Release|Any CPU
		{37D33B7F-542A-40BC-863F-0A33C8281F18}.Release|x86.Build.0 = Release|Any CPU
		{2A66BBA8-BF0D-4580-B452-2DD1D5E8F07D}.Debug|Any CPU.ActiveCfg = Debug|Any CPU
		{2A66BBA8-BF0D-4580-B452-2DD1D5E8F07D}.Debug|Any CPU.Build.0 = Debug|Any CPU
		{2A66BBA8-BF0D-4580-B452-2DD1D5E8F07D}.Debug|x64.ActiveCfg = Debug|Any CPU
		{2A66BBA8-BF0D-4580-B452-2DD1D5E8F07D}.Debug|x64.Build.0 = Debug|Any CPU
		{2A66BBA8-BF0D-4580-B452-2DD1D5E8F07D}.Debug|x86.ActiveCfg = Debug|Any CPU
		{2A66BBA8-BF0D-4580-B452-2DD1D5E8F07D}.Debug|x86.Build.0 = Debug|Any CPU
		{2A66BBA8-BF0D-4580-B452-2DD1D5E8F07D}.Release|Any CPU.ActiveCfg = Release|Any CPU
		{2A66BBA8-BF0D-4580-B452-2DD1D5E8F07D}.Release|Any CPU.Build.0 = Release|Any CPU
		{2A66BBA8-BF0D-4580-B452-2DD1D5E8F07D}.Release|x64.ActiveCfg = Release|Any CPU
		{2A66BBA8-BF0D-4580-B452-2DD1D5E8F07D}.Release|x64.Build.0 = Release|Any CPU
		{2A66BBA8-BF0D-4580-B452-2DD1D5E8F07D}.Release|x86.ActiveCfg = Release|Any CPU
		{2A66BBA8-BF0D-4580-B452-2DD1D5E8F07D}.Release|x86.Build.0 = Release|Any CPU
		{431E28E2-832E-407E-AB8E-BB3DE6EA78BE}.Debug|Any CPU.ActiveCfg = Debug|Any CPU
		{431E28E2-832E-407E-AB8E-BB3DE6EA78BE}.Debug|Any CPU.Build.0 = Debug|Any CPU
		{431E28E2-832E-407E-AB8E-BB3DE6EA78BE}.Debug|x64.ActiveCfg = Debug|Any CPU
		{431E28E2-832E-407E-AB8E-BB3DE6EA78BE}.Debug|x64.Build.0 = Debug|Any CPU
		{431E28E2-832E-407E-AB8E-BB3DE6EA78BE}.Debug|x86.ActiveCfg = Debug|Any CPU
		{431E28E2-832E-407E-AB8E-BB3DE6EA78BE}.Debug|x86.Build.0 = Debug|Any CPU
		{431E28E2-832E-407E-AB8E-BB3DE6EA78BE}.Release|Any CPU.ActiveCfg = Release|Any CPU
		{431E28E2-832E-407E-AB8E-BB3DE6EA78BE}.Release|Any CPU.Build.0 = Release|Any CPU
		{431E28E2-832E-407E-AB8E-BB3DE6EA78BE}.Release|x64.ActiveCfg = Release|Any CPU
		{431E28E2-832E-407E-AB8E-BB3DE6EA78BE}.Release|x64.Build.0 = Release|Any CPU
		{431E28E2-832E-407E-AB8E-BB3DE6EA78BE}.Release|x86.ActiveCfg = Release|Any CPU
		{431E28E2-832E-407E-AB8E-BB3DE6EA78BE}.Release|x86.Build.0 = Release|Any CPU
		{399E3DD3-8CD9-4479-8A47-BAEE329A3354}.Debug|Any CPU.ActiveCfg = Debug|Any CPU
		{399E3DD3-8CD9-4479-8A47-BAEE329A3354}.Debug|Any CPU.Build.0 = Debug|Any CPU
		{399E3DD3-8CD9-4479-8A47-BAEE329A3354}.Debug|x64.ActiveCfg = Debug|Any CPU
		{399E3DD3-8CD9-4479-8A47-BAEE329A3354}.Debug|x64.Build.0 = Debug|Any CPU
		{399E3DD3-8CD9-4479-8A47-BAEE329A3354}.Debug|x86.ActiveCfg = Debug|Any CPU
		{399E3DD3-8CD9-4479-8A47-BAEE329A3354}.Debug|x86.Build.0 = Debug|Any CPU
		{399E3DD3-8CD9-4479-8A47-BAEE329A3354}.Release|Any CPU.ActiveCfg = Release|Any CPU
		{399E3DD3-8CD9-4479-8A47-BAEE329A3354}.Release|Any CPU.Build.0 = Release|Any CPU
		{399E3DD3-8CD9-4479-8A47-BAEE329A3354}.Release|x64.ActiveCfg = Release|Any CPU
		{399E3DD3-8CD9-4479-8A47-BAEE329A3354}.Release|x64.Build.0 = Release|Any CPU
		{399E3DD3-8CD9-4479-8A47-BAEE329A3354}.Release|x86.ActiveCfg = Release|Any CPU
		{399E3DD3-8CD9-4479-8A47-BAEE329A3354}.Release|x86.Build.0 = Release|Any CPU
	EndGlobalSection
	GlobalSection(SolutionProperties) = preSolution
		HideSolutionNode = FALSE
	EndGlobalSection
	GlobalSection(NestedProjects) = preSolution
		{37D33B7F-542A-40BC-863F-0A33C8281F18} = {1EBA10A4-2533-45C7-B3CD-B476CB634F9B}
		{2A66BBA8-BF0D-4580-B452-2DD1D5E8F07D} = {1EBA10A4-2533-45C7-B3CD-B476CB634F9B}
		{431E28E2-832E-407E-AB8E-BB3DE6EA78BE} = {1EBA10A4-2533-45C7-B3CD-B476CB634F9B}
		{399E3DD3-8CD9-4479-8A47-BAEE329A3354} = {F1F0AF40-0C1D-430B-88E7-F3C2FEF836E8}
	EndGlobalSection
EndGlobal
