
Microsoft Visual Studio Solution File, Format Version 12.00
# Visual Studio 15
VisualStudioVersion = 15.0.28307.168
MinimumVisualStudioVersion = 10.0.40219.1
Project("{9A19103F-16F7-4668-BE54-9A1E7A4F7556}") = "Dogey.Core", "src\Dogey.Core\Dogey.Core.csproj", "{01326343-C2DE-4D37-B87E-F70A049572E2}"
EndProject
Project("{9A19103F-16F7-4668-BE54-9A1E7A4F7556}") = "Dogey", "src\Dogey\Dogey.csproj", "{56A53137-3296-4897-88BF-6D928411CAB6}"
EndProject
Project("{2150E333-8FDC-42A3-9474-1A3956D46DE8}") = "Solution Items", "Solution Items", "{95FAF49F-64A7-4709-8983-17CB507D7B73}"
	ProjectSection(SolutionItems) = preProject
		dogey_banner_example.png = dogey_banner_example.png
		LICENSE = LICENSE
		README.md = README.md
	EndProjectSection
EndProject
Global
	GlobalSection(SolutionConfigurationPlatforms) = preSolution
		Debug|Any CPU = Debug|Any CPU
		Release|Any CPU = Release|Any CPU
	EndGlobalSection
	GlobalSection(ProjectConfigurationPlatforms) = postSolution
		{01326343-C2DE-4D37-B87E-F70A049572E2}.Debug|Any CPU.ActiveCfg = Debug|Any CPU
		{01326343-C2DE-4D37-B87E-F70A049572E2}.Debug|Any CPU.Build.0 = Debug|Any CPU
		{01326343-C2DE-4D37-B87E-F70A049572E2}.Release|Any CPU.ActiveCfg = Release|Any CPU
		{01326343-C2DE-4D37-B87E-F70A049572E2}.Release|Any CPU.Build.0 = Release|Any CPU
		{56A53137-3296-4897-88BF-6D928411CAB6}.Debug|Any CPU.ActiveCfg = Debug|Any CPU
		{56A53137-3296-4897-88BF-6D928411CAB6}.Debug|Any CPU.Build.0 = Debug|Any CPU
		{56A53137-3296-4897-88BF-6D928411CAB6}.Release|Any CPU.ActiveCfg = Release|Any CPU
		{56A53137-3296-4897-88BF-6D928411CAB6}.Release|Any CPU.Build.0 = Release|Any CPU
	EndGlobalSection
	GlobalSection(SolutionProperties) = preSolution
		HideSolutionNode = FALSE
	EndGlobalSection
	GlobalSection(ExtensibilityGlobals) = postSolution
		SolutionGuid = {221C18D1-CF56-48F5-983B-749E8AE636F2}
	EndGlobalSection
EndGlobal
